
Microsoft Visual Studio Solution File, Format Version 12.00
# Visual Studio Version 16
VisualStudioVersion = 16.0.31410.357
MinimumVisualStudioVersion = 10.0.40219.1
Project("{9A19103F-16F7-4668-BE54-9A1E7A4F7556}") = "SqlDependencyHelper.ConsoleApp", "SqlDependencyHelper.ConsoleApp\SqlDependencyHelper.ConsoleApp.csproj", "{25E391D8-86E0-4B65-825D-F61D22A88C1C}"
EndProject
Project("{00D1A9C2-B5F0-4AF3-8072-F6C62B433612}") = "SqlDependencyHelper.Database", "SqlDependencyHelper.Database\SqlDependencyHelper.Database.sqlproj", "{94DBED79-B19E-4903-95CD-A990D8C44611}"
EndProject
Global
	GlobalSection(SolutionConfigurationPlatforms) = preSolution
		Debug|Any CPU = Debug|Any CPU
		Release|Any CPU = Release|Any CPU
	EndGlobalSection
	GlobalSection(ProjectConfigurationPlatforms) = postSolution
		{25E391D8-86E0-4B65-825D-F61D22A88C1C}.Debug|Any CPU.ActiveCfg = Debug|Any CPU
		{25E391D8-86E0-4B65-825D-F61D22A88C1C}.Debug|Any CPU.Build.0 = Debug|Any CPU
		{25E391D8-86E0-4B65-825D-F61D22A88C1C}.Release|Any CPU.ActiveCfg = Release|Any CPU
		{25E391D8-86E0-4B65-825D-F61D22A88C1C}.Release|Any CPU.Build.0 = Release|Any CPU
		{94DBED79-B19E-4903-95CD-A990D8C44611}.Debug|Any CPU.ActiveCfg = Debug|Any CPU
		{94DBED79-B19E-4903-95CD-A990D8C44611}.Debug|Any CPU.Build.0 = Debug|Any CPU
		{94DBED79-B19E-4903-95CD-A990D8C44611}.Debug|Any CPU.Deploy.0 = Debug|Any CPU
		{94DBED79-B19E-4903-95CD-A990D8C44611}.Release|Any CPU.ActiveCfg = Release|Any CPU
		{94DBED79-B19E-4903-95CD-A990D8C44611}.Release|Any CPU.Build.0 = Release|Any CPU
		{94DBED79-B19E-4903-95CD-A990D8C44611}.Release|Any CPU.Deploy.0 = Release|Any CPU
	EndGlobalSection
	GlobalSection(SolutionProperties) = preSolution
		HideSolutionNode = FALSE
	EndGlobalSection
	GlobalSection(ExtensibilityGlobals) = postSolution
		SolutionGuid = {F65D1544-11FF-4303-BA4F-58814249E270}
	EndGlobalSection
EndGlobal
